{
  "name": "@snfasa/ai-fire-monitoring-system",
  "version": "1.0.0",
  "lockfileVersion": 3,
  "requires": true,
  "packages": {
    "": {
      "name": "@snfasa/ai-fire-monitoring-system",
      "version": "1.0.0",
      "license": "ISC",
      "dependencies": {
        "@snfasa/ai-fire-monitoring-system": "github:SNFASA/AI-Fire-Monitoring-System"
      }
    },
    "node_modules/@snfasa/ai-fire-monitoring-system": {
      "version": "1.0.0",
      "resolved": "git+ssh://git@github.com/SNFASA/AI-Fire-Monitoring-System.git#54755d27c428aa2c3a24b912814e5c6832ea7b9c",
      "license": "ISC",
      "dependencies": {
        "@snfasa/ai-fire-monitoring-system": "github:SNFASA/AI-Fire-Monitoring-System"
      }
    }
  }
}
