{
  "name": "@snfasa/ai-fire-monitoring-system",
  "version": "1.0.0",
  "lockfileVersion": 3,
  "requires": true,
  "packages": {
    "": {
      "name": "@snfasa/ai-fire-monitoring-system",
      "version": "1.0.0",
      "license": "ISC",
      "dependencies": {
        "@snfasa/ai-fire-monitoring-system": "github:SNFASA/AI-Fire-Monitoring-System"
      }
    },
    "node_modules/@snfasa/ai-fire-monitoring-system": {
      "version": "1.0.0",
      "resolved": "git+ssh://git@github.com/SNFASA/AI-Fire-Monitoring-System.git#998432d2c36feaa85b3075a48a9a2483b99e5a81",
      "license": "ISC"
    }
  }
}
